
Microsoft Visual Studio Solution File, Format Version 9.00
# Visual Studio 2005
Project("{8BC9CEB8-8B4A-11D0-8D11-00A0C91BC942}") = "HGooey", "HGooey.vcproj", "{0804F1BE-3DDC-4D20-AA75-4120B1BBCB89}"
EndProject
Global
	GlobalSection(SolutionConfigurationPlatforms) = preSolution
		Release|Win32 = Release|Win32
	EndGlobalSection
	GlobalSection(ProjectConfigurationPlatforms) = postSolution
		{0804F1BE-3DDC-4D20-AA75-4120B1BBCB89}.Release|Win32.ActiveCfg = Release|Win32
		{0804F1BE-3DDC-4D20-AA75-4120B1BBCB89}.Release|Win32.Build.0 = Release|Win32
	EndGlobalSection
	GlobalSection(SolutionProperties) = preSolution
		HideSolutionNode = FALSE
	EndGlobalSection
EndGlobal
